
Microsoft Visual Studio Solution File, Format Version 12.00
Project("{2150E333-8FDC-42A3-9474-1A3956D46DE8}") = "cmd", "cmd", "{9AC88425-699F-4792-A6BE-A4186C40EBF1}"
EndProject
Project("{FAE04EC0-301F-11D3-BF4B-00C04F79EFBC}") = "main", "cmd\main\main.csproj", "{A3DE7D6D-BF9B-4924-9004-CBE71914B5A3}"
EndProject
Global
	GlobalSection(SolutionConfigurationPlatforms) = preSolution
		Debug|Any CPU = Debug|Any CPU
		Release|Any CPU = Release|Any CPU
	EndGlobalSection
	GlobalSection(NestedProjects) = preSolution
		{A3DE7D6D-BF9B-4924-9004-CBE71914B5A3} = {9AC88425-699F-4792-A6BE-A4186C40EBF1}
	EndGlobalSection
	GlobalSection(ProjectConfigurationPlatforms) = postSolution
		{A3DE7D6D-BF9B-4924-9004-CBE71914B5A3}.Debug|Any CPU.ActiveCfg = Debug|Any CPU
		{A3DE7D6D-BF9B-4924-9004-CBE71914B5A3}.Debug|Any CPU.Build.0 = Debug|Any CPU
		{A3DE7D6D-BF9B-4924-9004-CBE71914B5A3}.Release|Any CPU.ActiveCfg = Release|Any CPU
		{A3DE7D6D-BF9B-4924-9004-CBE71914B5A3}.Release|Any CPU.Build.0 = Release|Any CPU
	EndGlobalSection
EndGlobal
